
Microsoft Visual Studio Solution File, Format Version 12.00
# Visual Studio Version 17
VisualStudioVersion = 17.4.33110.190
MinimumVisualStudioVersion = 10.0.40219.1
Project("{FAE04EC0-301F-11D3-BF4B-00C04F79EFBC}") = "Date Time Calculator", "Date Time Calculator\Date Time Calculator.csproj", "{A07059CF-5949-4FDA-93D7-BCB6A14103B5}"
EndProject
Global
	GlobalSection(SolutionConfigurationPlatforms) = preSolution
		Debug|Any CPU = Debug|Any CPU
		Release|Any CPU = Release|Any CPU
	EndGlobalSection
	GlobalSection(ProjectConfigurationPlatforms) = postSolution
		{A07059CF-5949-4FDA-93D7-BCB6A14103B5}.Debug|Any CPU.ActiveCfg = Debug|Any CPU
		{A07059CF-5949-4FDA-93D7-BCB6A14103B5}.Debug|Any CPU.Build.0 = Debug|Any CPU
		{A07059CF-5949-4FDA-93D7-BCB6A14103B5}.Release|Any CPU.ActiveCfg = Release|Any CPU
		{A07059CF-5949-4FDA-93D7-BCB6A14103B5}.Release|Any CPU.Build.0 = Release|Any CPU
	EndGlobalSection
	GlobalSection(SolutionProperties) = preSolution
		HideSolutionNode = FALSE
	EndGlobalSection
	GlobalSection(ExtensibilityGlobals) = postSolution
		SolutionGuid = {8E7F547C-A9CB-420F-AF6B-F946D28AB050}
	EndGlobalSection
EndGlobal
